
Microsoft Visual Studio Solution File, Format Version 12.00
# Visual Studio Version 17
VisualStudioVersion = 17.11.35312.102
MinimumVisualStudioVersion = 10.0.40219.1
Project("{9A19103F-16F7-4668-BE54-9A1E7A4F7556}") = "Todo.App", "Todo.App\Todo.App.csproj", "{51056B03-5CF4-4E81-B214-3DE425F7CCD9}"
	ProjectSection(ProjectDependencies) = postProject
		{82D7FA68-C147-4EC4-BE95-2E231CE5EB75} = {82D7FA68-C147-4EC4-BE95-2E231CE5EB75}
	EndProjectSection
EndProject
Project("{9A19103F-16F7-4668-BE54-9A1E7A4F7556}") = "Todo.Application", "Todo.Application\Todo.Application.csproj", "{ADC46FF9-8D9B-4465-8F7B-4DAF519C08BD}"
	ProjectSection(ProjectDependencies) = postProject
		{AC03DC98-D9CB-4FF9-9D5D-07F567556E3E} = {AC03DC98-D9CB-4FF9-9D5D-07F567556E3E}
	EndProjectSection
EndProject
Project("{9A19103F-16F7-4668-BE54-9A1E7A4F7556}") = "Todo.Persistence", "Todo.Persistence\Todo.Persistence.csproj", "{82D7FA68-C147-4EC4-BE95-2E231CE5EB75}"
	ProjectSection(ProjectDependencies) = postProject
		{AC03DC98-D9CB-4FF9-9D5D-07F567556E3E} = {AC03DC98-D9CB-4FF9-9D5D-07F567556E3E}
	EndProjectSection
EndProject
Project("{9A19103F-16F7-4668-BE54-9A1E7A4F7556}") = "Todo.Domain", "Todo.Domain\Todo.Domain.csproj", "{AC03DC98-D9CB-4FF9-9D5D-07F567556E3E}"
EndProject
Project("{9A19103F-16F7-4668-BE54-9A1E7A4F7556}") = "Todo.Infrastructure", "Todo.Infrastructure\Todo.Infrastructure.csproj", "{A839EA37-CC5A-4F85-97F5-6B8622401884}"
EndProject
Global
	GlobalSection(SolutionConfigurationPlatforms) = preSolution
		Debug|Any CPU = Debug|Any CPU
		Release|Any CPU = Release|Any CPU
	EndGlobalSection
	GlobalSection(ProjectConfigurationPlatforms) = postSolution
		{51056B03-5CF4-4E81-B214-3DE425F7CCD9}.Debug|Any CPU.ActiveCfg = Debug|Any CPU
		{51056B03-5CF4-4E81-B214-3DE425F7CCD9}.Debug|Any CPU.Build.0 = Debug|Any CPU
		{51056B03-5CF4-4E81-B214-3DE425F7CCD9}.Release|Any CPU.ActiveCfg = Release|Any CPU
		{51056B03-5CF4-4E81-B214-3DE425F7CCD9}.Release|Any CPU.Build.0 = Release|Any CPU
		{ADC46FF9-8D9B-4465-8F7B-4DAF519C08BD}.Debug|Any CPU.ActiveCfg = Debug|Any CPU
		{ADC46FF9-8D9B-4465-8F7B-4DAF519C08BD}.Debug|Any CPU.Build.0 = Debug|Any CPU
		{ADC46FF9-8D9B-4465-8F7B-4DAF519C08BD}.Release|Any CPU.ActiveCfg = Release|Any CPU
		{ADC46FF9-8D9B-4465-8F7B-4DAF519C08BD}.Release|Any CPU.Build.0 = Release|Any CPU
		{82D7FA68-C147-4EC4-BE95-2E231CE5EB75}.Debug|Any CPU.ActiveCfg = Debug|Any CPU
		{82D7FA68-C147-4EC4-BE95-2E231CE5EB75}.Debug|Any CPU.Build.0 = Debug|Any CPU
		{82D7FA68-C147-4EC4-BE95-2E231CE5EB75}.Release|Any CPU.ActiveCfg = Release|Any CPU
		{82D7FA68-C147-4EC4-BE95-2E231CE5EB75}.Release|Any CPU.Build.0 = Release|Any CPU
		{AC03DC98-D9CB-4FF9-9D5D-07F567556E3E}.Debug|Any CPU.ActiveCfg = Debug|Any CPU
		{AC03DC98-D9CB-4FF9-9D5D-07F567556E3E}.Debug|Any CPU.Build.0 = Debug|Any CPU
		{AC03DC98-D9CB-4FF9-9D5D-07F567556E3E}.Release|Any CPU.ActiveCfg = Release|Any CPU
		{AC03DC98-D9CB-4FF9-9D5D-07F567556E3E}.Release|Any CPU.Build.0 = Release|Any CPU
		{A839EA37-CC5A-4F85-97F5-6B8622401884}.Debug|Any CPU.ActiveCfg = Debug|Any CPU
		{A839EA37-CC5A-4F85-97F5-6B8622401884}.Debug|Any CPU.Build.0 = Debug|Any CPU
		{A839EA37-CC5A-4F85-97F5-6B8622401884}.Release|Any CPU.ActiveCfg = Release|Any CPU
		{A839EA37-CC5A-4F85-97F5-6B8622401884}.Release|Any CPU.Build.0 = Release|Any CPU
	EndGlobalSection
	GlobalSection(SolutionProperties) = preSolution
		HideSolutionNode = FALSE
	EndGlobalSection
	GlobalSection(ExtensibilityGlobals) = postSolution
		SolutionGuid = {E02FE721-6B9F-47DC-A6E5-8DC942FBCB1A}
	EndGlobalSection
EndGlobal
